
Microsoft Visual Studio Solution File, Format Version 12.00
# Visual Studio Version 16
VisualStudioVersion = 16.0.33801.447
MinimumVisualStudioVersion = 10.0.40219.1
Project("{8BC9CEB8-8B4A-11D0-8D11-00A0C91BC942}") = "Project4", "Project4\Project4.vcxproj", "{4DF25BA3-53F5-4CB3-9454-BD6B77A6FB52}"
EndProject
Project("{8BC9CEB8-8B4A-11D0-8D11-00A0C91BC942}") = "Sample-Test1", "Sample-Test1\Sample-Test1.vcxproj", "{BDF21CA2-3496-4A4C-8983-7F96E90929D7}"
EndProject
Project("{2150E333-8FDC-42A3-9474-1A3956D46DE8}") = "Solution Items", "Solution Items", "{318F1CDB-DDAB-409D-A514-FD4EFAD2D90A}"
	ProjectSection(SolutionItems) = preProject
		.gitignore = .gitignore
		README.md = README.md
	EndProjectSection
EndProject
Global
	GlobalSection(SolutionConfigurationPlatforms) = preSolution
		Debug|x64 = Debug|x64
		Debug|x86 = Debug|x86
		Release|x64 = Release|x64
		Release|x86 = Release|x86
	EndGlobalSection
	GlobalSection(ProjectConfigurationPlatforms) = postSolution
		{4DF25BA3-53F5-4CB3-9454-BD6B77A6FB52}.Debug|x64.ActiveCfg = Debug|x64
		{4DF25BA3-53F5-4CB3-9454-BD6B77A6FB52}.Debug|x64.Build.0 = Debug|x64
		{4DF25BA3-53F5-4CB3-9454-BD6B77A6FB52}.Debug|x86.ActiveCfg = Debug|Win32
		{4DF25BA3-53F5-4CB3-9454-BD6B77A6FB52}.Debug|x86.Build.0 = Debug|Win32
		{4DF25BA3-53F5-4CB3-9454-BD6B77A6FB52}.Release|x64.ActiveCfg = Release|x64
		{4DF25BA3-53F5-4CB3-9454-BD6B77A6FB52}.Release|x64.Build.0 = Release|x64
		{4DF25BA3-53F5-4CB3-9454-BD6B77A6FB52}.Release|x86.ActiveCfg = Release|Win32
		{4DF25BA3-53F5-4CB3-9454-BD6B77A6FB52}.Release|x86.Build.0 = Release|Win32
		{BDF21CA2-3496-4A4C-8983-7F96E90929D7}.Debug|x64.ActiveCfg = Debug|x64
		{BDF21CA2-3496-4A4C-8983-7F96E90929D7}.Debug|x64.Build.0 = Debug|x64
		{BDF21CA2-3496-4A4C-8983-7F96E90929D7}.Debug|x86.ActiveCfg = Debug|Win32
		{BDF21CA2-3496-4A4C-8983-7F96E90929D7}.Debug|x86.Build.0 = Debug|Win32
		{BDF21CA2-3496-4A4C-8983-7F96E90929D7}.Release|x64.ActiveCfg = Release|x64
		{BDF21CA2-3496-4A4C-8983-7F96E90929D7}.Release|x64.Build.0 = Release|x64
		{BDF21CA2-3496-4A4C-8983-7F96E90929D7}.Release|x86.ActiveCfg = Release|Win32
		{BDF21CA2-3496-4A4C-8983-7F96E90929D7}.Release|x86.Build.0 = Release|Win32
	EndGlobalSection
	GlobalSection(SolutionProperties) = preSolution
		HideSolutionNode = FALSE
	EndGlobalSection
	GlobalSection(ExtensibilityGlobals) = postSolution
		SolutionGuid = {AFECDEFB-5C6F-4CC1-BE43-3E437B106FD4}
	EndGlobalSection
EndGlobal
